
Microsoft Visual Studio Solution File, Format Version 12.00
# Visual Studio Version 16
VisualStudioVersion = 16.0.31424.327
MinimumVisualStudioVersion = 10.0.40219.1
Project("{FAE04EC0-301F-11D3-BF4B-00C04F79EFBC}") = "BT1", "BT1\BT1.csproj", "{A102E924-AEC3-4F82-9503-BE49A306A66C}"
EndProject
Project("{FAE04EC0-301F-11D3-BF4B-00C04F79EFBC}") = "BT2", "Demo\BT2.csproj", "{7DE16BA8-F9DE-41DF-8464-6358E2E56135}"
EndProject
Global
	GlobalSection(SolutionConfigurationPlatforms) = preSolution
		Debug|Any CPU = Debug|Any CPU
		Release|Any CPU = Release|Any CPU
	EndGlobalSection
	GlobalSection(ProjectConfigurationPlatforms) = postSolution
		{A102E924-AEC3-4F82-9503-BE49A306A66C}.Debug|Any CPU.ActiveCfg = Debug|Any CPU
		{A102E924-AEC3-4F82-9503-BE49A306A66C}.Debug|Any CPU.Build.0 = Debug|Any CPU
		{A102E924-AEC3-4F82-9503-BE49A306A66C}.Release|Any CPU.ActiveCfg = Release|Any CPU
		{A102E924-AEC3-4F82-9503-BE49A306A66C}.Release|Any CPU.Build.0 = Release|Any CPU
		{7DE16BA8-F9DE-41DF-8464-6358E2E56135}.Debug|Any CPU.ActiveCfg = Debug|Any CPU
		{7DE16BA8-F9DE-41DF-8464-6358E2E56135}.Debug|Any CPU.Build.0 = Debug|Any CPU
		{7DE16BA8-F9DE-41DF-8464-6358E2E56135}.Release|Any CPU.ActiveCfg = Release|Any CPU
		{7DE16BA8-F9DE-41DF-8464-6358E2E56135}.Release|Any CPU.Build.0 = Release|Any CPU
	EndGlobalSection
	GlobalSection(SolutionProperties) = preSolution
		HideSolutionNode = FALSE
	EndGlobalSection
	GlobalSection(ExtensibilityGlobals) = postSolution
		SolutionGuid = {3D75A557-DA26-466C-9A65-9633EBDAC6BE}
	EndGlobalSection
EndGlobal
